// !$*UTF8*$!
{
	archiveVersion = 1;
	classes = {
	};
	objectVersion = 56;
	objects = {

/* Begin PBXBuildFile section */
		92027F172C80B18300200EFB /* AppDelegate.swift in Sources */ = {isa = PBXBuildFile; fileRef = 92027F162C80B18300200EFB /* AppDelegate.swift */; };
		92027F192C80B18300200EFB /* SceneDelegate.swift in Sources */ = {isa = PBXBuildFile; fileRef = 92027F182C80B18300200EFB /* SceneDelegate.swift */; };
		92027F1B2C80B18300200EFB /* ImagesListViewController.swift in Sources */ = {isa = PBXBuildFile; fileRef = 92027F1A2C80B18300200EFB /* ImagesListViewController.swift */; };
		92027F1E2C80B18300200EFB /* Base in Resources */ = {isa = PBXBuildFile; fileRef = 92027F1D2C80B18300200EFB /* Base */; };
		92027F202C80B18400200EFB /* Assets.xcassets in Resources */ = {isa = PBXBuildFile; fileRef = 92027F1F2C80B18400200EFB /* Assets.xcassets */; };
		92027F232C80B18400200EFB /* Base in Resources */ = {isa = PBXBuildFile; fileRef = 92027F222C80B18400200EFB /* Base */; };
		921A335C2C9C693F005FB38E /* Constants.swift in Sources */ = {isa = PBXBuildFile; fileRef = 921A335B2C9C693F005FB38E /* Constants.swift */; };
		921A335E2C9EEBF9005FB38E /* AuthViewController.swift in Sources */ = {isa = PBXBuildFile; fileRef = 921A335D2C9EEBF8005FB38E /* AuthViewController.swift */; };
		921A33612C9EEEAA005FB38E /* WebViewViewController.swift in Sources */ = {isa = PBXBuildFile; fileRef = 921A33602C9EEEAA005FB38E /* WebViewViewController.swift */; };
		92915B212C85993800CCEFB5 /* ProfileViewController.swift in Sources */ = {isa = PBXBuildFile; fileRef = 92915B202C85993800CCEFB5 /* ProfileViewController.swift */; };
		92915B232C87542D00CCEFB5 /* SingleImageViewController.swift in Sources */ = {isa = PBXBuildFile; fileRef = 92915B222C87542D00CCEFB5 /* SingleImageViewController.swift */; };
		92A427112CA9A347000C1153 /* OAuth2Service.swift in Sources */ = {isa = PBXBuildFile; fileRef = 92A427102CA9A347000C1153 /* OAuth2Service.swift */; };
		92A427132CA9A443000C1153 /* URLSession+data.swift in Sources */ = {isa = PBXBuildFile; fileRef = 92A427122CA9A443000C1153 /* URLSession+data.swift */; };
		92A427152CA9AC41000C1153 /* OAuthTokenResponseBody.swift in Sources */ = {isa = PBXBuildFile; fileRef = 92A427142CA9AC41000C1153 /* OAuthTokenResponseBody.swift */; };
		92A427172CA9AC7F000C1153 /* OAuth2TokenStorage.swift in Sources */ = {isa = PBXBuildFile; fileRef = 92A427162CA9AC7F000C1153 /* OAuth2TokenStorage.swift */; };
		92A4271C2CA9C73E000C1153 /* SplashViewController.swift in Sources */ = {isa = PBXBuildFile; fileRef = 92A4271B2CA9C73E000C1153 /* SplashViewController.swift */; };
		92C6E69C2C83516C007826DF /* ImagesListCell.swift in Sources */ = {isa = PBXBuildFile; fileRef = 92C6E69B2C83516C007826DF /* ImagesListCell.swift */; };
/* End PBXBuildFile section */

/* Begin PBXFileReference section */
		92027F132C80B18300200EFB /* ImageFeed.app */ = {isa = PBXFileReference; explicitFileType = wrapper.application; includeInIndex = 0; path = ImageFeed.app; sourceTree = BUILT_PRODUCTS_DIR; };
		92027F162C80B18300200EFB /* AppDelegate.swift */ = {isa = PBXFileReference; lastKnownFileType = sourcecode.swift; path = AppDelegate.swift; sourceTree = "<group>"; };
		92027F182C80B18300200EFB /* SceneDelegate.swift */ = {isa = PBXFileReference; lastKnownFileType = sourcecode.swift; path = SceneDelegate.swift; sourceTree = "<group>"; };
		92027F1A2C80B18300200EFB /* ImagesListViewController.swift */ = {isa = PBXFileReference; lastKnownFileType = sourcecode.swift; path = ImagesListViewController.swift; sourceTree = "<group>"; };
		92027F1D2C80B18300200EFB /* Base */ = {isa = PBXFileReference; lastKnownFileType = file.storyboard; name = Base; path = Base.lproj/Main.storyboard; sourceTree = "<group>"; };
		92027F1F2C80B18400200EFB /* Assets.xcassets */ = {isa = PBXFileReference; lastKnownFileType = folder.assetcatalog; path = Assets.xcassets; sourceTree = "<group>"; };
		92027F222C80B18400200EFB /* Base */ = {isa = PBXFileReference; lastKnownFileType = file.storyboard; name = Base; path = Base.lproj/LaunchScreen.storyboard; sourceTree = "<group>"; };
		92027F242C80B18400200EFB /* Info.plist */ = {isa = PBXFileReference; lastKnownFileType = text.plist.xml; path = Info.plist; sourceTree = "<group>"; };
		921A335B2C9C693F005FB38E /* Constants.swift */ = {isa = PBXFileReference; lastKnownFileType = sourcecode.swift; path = Constants.swift; sourceTree = "<group>"; };
		921A335D2C9EEBF8005FB38E /* AuthViewController.swift */ = {isa = PBXFileReference; lastKnownFileType = sourcecode.swift; path = AuthViewController.swift; sourceTree = "<group>"; };
		921A33602C9EEEAA005FB38E /* WebViewViewController.swift */ = {isa = PBXFileReference; lastKnownFileType = sourcecode.swift; path = WebViewViewController.swift; sourceTree = "<group>"; };
		92915B202C85993800CCEFB5 /* ProfileViewController.swift */ = {isa = PBXFileReference; lastKnownFileType = sourcecode.swift; path = ProfileViewController.swift; sourceTree = "<group>"; };
		92915B222C87542D00CCEFB5 /* SingleImageViewController.swift */ = {isa = PBXFileReference; lastKnownFileType = sourcecode.swift; path = SingleImageViewController.swift; sourceTree = "<group>"; };
		92A427102CA9A347000C1153 /* OAuth2Service.swift */ = {isa = PBXFileReference; lastKnownFileType = sourcecode.swift; path = OAuth2Service.swift; sourceTree = "<group>"; };
		92A427122CA9A443000C1153 /* URLSession+data.swift */ = {isa = PBXFileReference; lastKnownFileType = sourcecode.swift; path = "URLSession+data.swift"; sourceTree = "<group>"; };
		92A427142CA9AC41000C1153 /* OAuthTokenResponseBody.swift */ = {isa = PBXFileReference; lastKnownFileType = sourcecode.swift; path = OAuthTokenResponseBody.swift; sourceTree = "<group>"; };
		92A427162CA9AC7F000C1153 /* OAuth2TokenStorage.swift */ = {isa = PBXFileReference; lastKnownFileType = sourcecode.swift; path = OAuth2TokenStorage.swift; sourceTree = "<group>"; };
		92A4271B2CA9C73E000C1153 /* SplashViewController.swift */ = {isa = PBXFileReference; lastKnownFileType = sourcecode.swift; path = SplashViewController.swift; sourceTree = "<group>"; };
		92C6E69B2C83516C007826DF /* ImagesListCell.swift */ = {isa = PBXFileReference; lastKnownFileType = sourcecode.swift; path = ImagesListCell.swift; sourceTree = "<group>"; };
/* End PBXFileReference section */

/* Begin PBXFrameworksBuildPhase section */
		92027F102C80B18300200EFB /* Frameworks */ = {
			isa = PBXFrameworksBuildPhase;
			buildActionMask = 2147483647;
			files = (
			);
			runOnlyForDeploymentPostprocessing = 0;
		};
/* End PBXFrameworksBuildPhase section */

/* Begin PBXGroup section */
		92027F0A2C80B18300200EFB = {
			isa = PBXGroup;
			children = (
				92A4271A2CA9C729000C1153 /* SplashViewController */,
				92A4270F2CA9A32F000C1153 /* OAuth2 */,
				921A335A2C9C692B005FB38E /* API */,
				92027F152C80B18300200EFB /* ImageFeed */,
				92027F142C80B18300200EFB /* Products */,
			);
			sourceTree = "<group>";
		};
		92027F142C80B18300200EFB /* Products */ = {
			isa = PBXGroup;
			children = (
				92027F132C80B18300200EFB /* ImageFeed.app */,
			);
			name = Products;
			sourceTree = "<group>";
		};
		92027F152C80B18300200EFB /* ImageFeed */ = {
			isa = PBXGroup;
			children = (
				921A335F2C9EEE95005FB38E /* Auth */,
				9278D3D62C889366004135A2 /* SingleImageView */,
				9278D3D52C889340004135A2 /* Profile */,
				92C6E69D2C8351A2007826DF /* ImagesList */,
				92027F162C80B18300200EFB /* AppDelegate.swift */,
				92027F182C80B18300200EFB /* SceneDelegate.swift */,
				92027F1C2C80B18300200EFB /* Main.storyboard */,
				92027F1F2C80B18400200EFB /* Assets.xcassets */,
				92027F212C80B18400200EFB /* LaunchScreen.storyboard */,
				92027F242C80B18400200EFB /* Info.plist */,
			);
			path = ImageFeed;
			sourceTree = "<group>";
		};
		921A335A2C9C692B005FB38E /* API */ = {
			isa = PBXGroup;
			children = (
				921A335B2C9C693F005FB38E /* Constants.swift */,
			);
			path = API;
			sourceTree = "<group>";
		};
		921A335F2C9EEE95005FB38E /* Auth */ = {
			isa = PBXGroup;
			children = (
				921A335D2C9EEBF8005FB38E /* AuthViewController.swift */,
				921A33602C9EEEAA005FB38E /* WebViewViewController.swift */,
			);
			path = Auth;
			sourceTree = "<group>";
		};
		9278D3D52C889340004135A2 /* Profile */ = {
			isa = PBXGroup;
			children = (
				92915B202C85993800CCEFB5 /* ProfileViewController.swift */,
			);
			path = Profile;
			sourceTree = "<group>";
		};
		9278D3D62C889366004135A2 /* SingleImageView */ = {
			isa = PBXGroup;
			children = (
				92915B222C87542D00CCEFB5 /* SingleImageViewController.swift */,
			);
			path = SingleImageView;
			sourceTree = "<group>";
		};
		92A4270F2CA9A32F000C1153 /* OAuth2 */ = {
			isa = PBXGroup;
			children = (
				92A427102CA9A347000C1153 /* OAuth2Service.swift */,
				92A427142CA9AC41000C1153 /* OAuthTokenResponseBody.swift */,
				92A427162CA9AC7F000C1153 /* OAuth2TokenStorage.swift */,
				92A427122CA9A443000C1153 /* URLSession+data.swift */,
			);
			path = OAuth2;
			sourceTree = "<group>";
		};
		92A4271A2CA9C729000C1153 /* SplashViewController */ = {
			isa = PBXGroup;
			children = (
				92A4271B2CA9C73E000C1153 /* SplashViewController.swift */,
			);
			path = SplashViewController;
			sourceTree = "<group>";
		};
		92C6E69D2C8351A2007826DF /* ImagesList */ = {
			isa = PBXGroup;
			children = (
				92C6E69B2C83516C007826DF /* ImagesListCell.swift */,
				92027F1A2C80B18300200EFB /* ImagesListViewController.swift */,
			);
			path = ImagesList;
			sourceTree = "<group>";
		};
/* End PBXGroup section */

/* Begin PBXNativeTarget section */
		92027F122C80B18300200EFB /* ImageFeed */ = {
			isa = PBXNativeTarget;
			buildConfigurationList = 92027F272C80B18400200EFB /* Build configuration list for PBXNativeTarget "ImageFeed" */;
			buildPhases = (
				92027F0F2C80B18300200EFB /* Sources */,
				92027F102C80B18300200EFB /* Frameworks */,
				92027F112C80B18300200EFB /* Resources */,
			);
			buildRules = (
			);
			dependencies = (
			);
			name = ImageFeed;
			productName = ImageFeed;
			productReference = 92027F132C80B18300200EFB /* ImageFeed.app */;
			productType = "com.apple.product-type.application";
		};
/* End PBXNativeTarget section */

/* Begin PBXProject section */
		92027F0B2C80B18300200EFB /* Project object */ = {
			isa = PBXProject;
			attributes = {
				BuildIndependentTargetsInParallel = 1;
				LastSwiftUpdateCheck = 1540;
				LastUpgradeCheck = 1540;
				TargetAttributes = {
					92027F122C80B18300200EFB = {
						CreatedOnToolsVersion = 15.4;
					};
				};
			};
			buildConfigurationList = 92027F0E2C80B18300200EFB /* Build configuration list for PBXProject "ImageFeed" */;
			compatibilityVersion = "Xcode 14.0";
			developmentRegion = en;
			hasScannedForEncodings = 0;
			knownRegions = (
				en,
				Base,
			);
			mainGroup = 92027F0A2C80B18300200EFB;
			productRefGroup = 92027F142C80B18300200EFB /* Products */;
			projectDirPath = "";
			projectRoot = "";
			targets = (
				92027F122C80B18300200EFB /* ImageFeed */,
			);
		};
/* End PBXProject section */

/* Begin PBXResourcesBuildPhase section */
		92027F112C80B18300200EFB /* Resources */ = {
			isa = PBXResourcesBuildPhase;
			buildActionMask = 2147483647;
			files = (
				92027F202C80B18400200EFB /* Assets.xcassets in Resources */,
				92027F232C80B18400200EFB /* Base in Resources */,
				92027F1E2C80B18300200EFB /* Base in Resources */,
			);
			runOnlyForDeploymentPostprocessing = 0;
		};
/* End PBXResourcesBuildPhase section */

/* Begin PBXSourcesBuildPhase section */
		92027F0F2C80B18300200EFB /* Sources */ = {
			isa = PBXSourcesBuildPhase;
			buildActionMask = 2147483647;
			files = (
				92027F1B2C80B18300200EFB /* ImagesListViewController.swift in Sources */,
				92C6E69C2C83516C007826DF /* ImagesListCell.swift in Sources */,
				92A427152CA9AC41000C1153 /* OAuthTokenResponseBody.swift in Sources */,
				92915B212C85993800CCEFB5 /* ProfileViewController.swift in Sources */,
				92027F172C80B18300200EFB /* AppDelegate.swift in Sources */,
				92A4271C2CA9C73E000C1153 /* SplashViewController.swift in Sources */,
				92A427112CA9A347000C1153 /* OAuth2Service.swift in Sources */,
				921A335E2C9EEBF9005FB38E /* AuthViewController.swift in Sources */,
				921A335C2C9C693F005FB38E /* Constants.swift in Sources */,
				92A427132CA9A443000C1153 /* URLSession+data.swift in Sources */,
				92915B232C87542D00CCEFB5 /* SingleImageViewController.swift in Sources */,
				921A33612C9EEEAA005FB38E /* WebViewViewController.swift in Sources */,
				92A427172CA9AC7F000C1153 /* OAuth2TokenStorage.swift in Sources */,
				92027F192C80B18300200EFB /* SceneDelegate.swift in Sources */,
			);
			runOnlyForDeploymentPostprocessing = 0;
		};
/* End PBXSourcesBuildPhase section */

/* Begin PBXVariantGroup section */
		92027F1C2C80B18300200EFB /* Main.storyboard */ = {
			isa = PBXVariantGroup;
			children = (
				92027F1D2C80B18300200EFB /* Base */,
			);
			name = Main.storyboard;
			sourceTree = "<group>";
		};
		92027F212C80B18400200EFB /* LaunchScreen.storyboard */ = {
			isa = PBXVariantGroup;
			children = (
				92027F222C80B18400200EFB /* Base */,
			);
			name = LaunchScreen.storyboard;
			sourceTree = "<group>";
		};
/* End PBXVariantGroup section */

/* Begin XCBuildConfiguration section */
		92027F252C80B18400200EFB /* Debug */ = {
			isa = XCBuildConfiguration;
			buildSettings = {
				ALWAYS_SEARCH_USER_PATHS = NO;
				ASSETCATALOG_COMPILER_GENERATE_SWIFT_ASSET_SYMBOL_EXTENSIONS = YES;
				CLANG_ANALYZER_NONNULL = YES;
				CLANG_ANALYZER_NUMBER_OBJECT_CONVERSION = YES_AGGRESSIVE;
				CLANG_CXX_LANGUAGE_STANDARD = "gnu++20";
				CLANG_ENABLE_MODULES = YES;
				CLANG_ENABLE_OBJC_ARC = YES;
				CLANG_ENABLE_OBJC_WEAK = YES;
				CLANG_WARN_BLOCK_CAPTURE_AUTORELEASING = YES;
				CLANG_WARN_BOOL_CONVERSION = YES;
				CLANG_WARN_COMMA = YES;
				CLANG_WARN_CONSTANT_CONVERSION = YES;
				CLANG_WARN_DEPRECATED_OBJC_IMPLEMENTATIONS = YES;
				CLANG_WARN_DIRECT_OBJC_ISA_USAGE = YES_ERROR;
				CLANG_WARN_DOCUMENTATION_COMMENTS = YES;
				CLANG_WARN_EMPTY_BODY = YES;
				CLANG_WARN_ENUM_CONVERSION = YES;
				CLANG_WARN_INFINITE_RECURSION = YES;
				CLANG_WARN_INT_CONVERSION = YES;
				CLANG_WARN_NON_LITERAL_NULL_CONVERSION = YES;
				CLANG_WARN_OBJC_IMPLICIT_RETAIN_SELF = YES;
				CLANG_WARN_OBJC_LITERAL_CONVERSION = YES;
				CLANG_WARN_OBJC_ROOT_CLASS = YES_ERROR;
				CLANG_WARN_QUOTED_INCLUDE_IN_FRAMEWORK_HEADER = YES;
				CLANG_WARN_RANGE_LOOP_ANALYSIS = YES;
				CLANG_WARN_STRICT_PROTOTYPES = YES;
				CLANG_WARN_SUSPICIOUS_MOVE = YES;
				CLANG_WARN_UNGUARDED_AVAILABILITY = YES_AGGRESSIVE;
				CLANG_WARN_UNREACHABLE_CODE = YES;
				CLANG_WARN__DUPLICATE_METHOD_MATCH = YES;
				COPY_PHASE_STRIP = NO;
				DEBUG_INFORMATION_FORMAT = dwarf;
				ENABLE_STRICT_OBJC_MSGSEND = YES;
				ENABLE_TESTABILITY = YES;
				ENABLE_USER_SCRIPT_SANDBOXING = YES;
				GCC_C_LANGUAGE_STANDARD = gnu17;
				GCC_DYNAMIC_NO_PIC = NO;
				GCC_NO_COMMON_BLOCKS = YES;
				GCC_OPTIMIZATION_LEVEL = 0;
				GCC_PREPROCESSOR_DEFINITIONS = (
					"DEBUG=1",
					"$(inherited)",
				);
				GCC_WARN_64_TO_32_BIT_CONVERSION = YES;
				GCC_WARN_ABOUT_RETURN_TYPE = YES_ERROR;
				GCC_WARN_UNDECLARED_SELECTOR = YES;
				GCC_WARN_UNINITIALIZED_AUTOS = YES_AGGRESSIVE;
				GCC_WARN_UNUSED_FUNCTION = YES;
				GCC_WARN_UNUSED_VARIABLE = YES;
				IPHONEOS_DEPLOYMENT_TARGET = 17.5;
				LOCALIZATION_PREFERS_STRING_CATALOGS = YES;
				MTL_ENABLE_DEBUG_INFO = INCLUDE_SOURCE;
				MTL_FAST_MATH = YES;
				ONLY_ACTIVE_ARCH = YES;
				SDKROOT = iphoneos;
				SWIFT_ACTIVE_COMPILATION_CONDITIONS = "DEBUG $(inherited)";
				SWIFT_OPTIMIZATION_LEVEL = "-Onone";
			};
			name = Debug;
		};
		92027F262C80B18400200EFB /* Release */ = {
			isa = XCBuildConfiguration;
			buildSettings = {
				ALWAYS_SEARCH_USER_PATHS = NO;
				ASSETCATALOG_COMPILER_GENERATE_SWIFT_ASSET_SYMBOL_EXTENSIONS = YES;
				CLANG_ANALYZER_NONNULL = YES;
				CLANG_ANALYZER_NUMBER_OBJECT_CONVERSION = YES_AGGRESSIVE;
				CLANG_CXX_LANGUAGE_STANDARD = "gnu++20";
				CLANG_ENABLE_MODULES = YES;
				CLANG_ENABLE_OBJC_ARC = YES;
				CLANG_ENABLE_OBJC_WEAK = YES;
				CLANG_WARN_BLOCK_CAPTURE_AUTORELEASING = YES;
				CLANG_WARN_BOOL_CONVERSION = YES;
				CLANG_WARN_COMMA = YES;
				CLANG_WARN_CONSTANT_CONVERSION = YES;
				CLANG_WARN_DEPRECATED_OBJC_IMPLEMENTATIONS = YES;
				CLANG_WARN_DIRECT_OBJC_ISA_USAGE = YES_ERROR;
				CLANG_WARN_DOCUMENTATION_COMMENTS = YES;
				CLANG_WARN_EMPTY_BODY = YES;
				CLANG_WARN_ENUM_CONVERSION = YES;
				CLANG_WARN_INFINITE_RECURSION = YES;
				CLANG_WARN_INT_CONVERSION = YES;
				CLANG_WARN_NON_LITERAL_NULL_CONVERSION = YES;
				CLANG_WARN_OBJC_IMPLICIT_RETAIN_SELF = YES;
				CLANG_WARN_OBJC_LITERAL_CONVERSION = YES;
				CLANG_WARN_OBJC_ROOT_CLASS = YES_ERROR;
				CLANG_WARN_QUOTED_INCLUDE_IN_FRAMEWORK_HEADER = YES;
				CLANG_WARN_RANGE_LOOP_ANALYSIS = YES;
				CLANG_WARN_STRICT_PROTOTYPES = YES;
				CLANG_WARN_SUSPICIOUS_MOVE = YES;
				CLANG_WARN_UNGUARDED_AVAILABILITY = YES_AGGRESSIVE;
				CLANG_WARN_UNREACHABLE_CODE = YES;
				CLANG_WARN__DUPLICATE_METHOD_MATCH = YES;
				COPY_PHASE_STRIP = NO;
				DEBUG_INFORMATION_FORMAT = "dwarf-with-dsym";
				ENABLE_NS_ASSERTIONS = NO;
				ENABLE_STRICT_OBJC_MSGSEND = YES;
				ENABLE_USER_SCRIPT_SANDBOXING = YES;
				GCC_C_LANGUAGE_STANDARD = gnu17;
				GCC_NO_COMMON_BLOCKS = YES;
				GCC_WARN_64_TO_32_BIT_CONVERSION = YES;
				GCC_WARN_ABOUT_RETURN_TYPE = YES_ERROR;
				GCC_WARN_UNDECLARED_SELECTOR = YES;
				GCC_WARN_UNINITIALIZED_AUTOS = YES_AGGRESSIVE;
				GCC_WARN_UNUSED_FUNCTION = YES;
				GCC_WARN_UNUSED_VARIABLE = YES;
				IPHONEOS_DEPLOYMENT_TARGET = 17.5;
				LOCALIZATION_PREFERS_STRING_CATALOGS = YES;
				MTL_ENABLE_DEBUG_INFO = NO;
				MTL_FAST_MATH = YES;
				SDKROOT = iphoneos;
				SWIFT_COMPILATION_MODE = wholemodule;
				VALIDATE_PRODUCT = YES;
			};
			name = Release;
		};
		92027F282C80B18400200EFB /* Debug */ = {
			isa = XCBuildConfiguration;
			buildSettings = {
				ASSETCATALOG_COMPILER_APPICON_NAME = AppIcon;
				ASSETCATALOG_COMPILER_GLOBAL_ACCENT_COLOR_NAME = AccentColor;
				CODE_SIGN_STYLE = Automatic;
				CURRENT_PROJECT_VERSION = 1;
				DEVELOPMENT_TEAM = PB5ALV7369;
				GENERATE_INFOPLIST_FILE = YES;
				INFOPLIST_FILE = ImageFeed/Info.plist;
				INFOPLIST_KEY_UIApplicationSupportsIndirectInputEvents = YES;
				INFOPLIST_KEY_UILaunchStoryboardName = LaunchScreen;
				INFOPLIST_KEY_UIMainStoryboardFile = Main;
				INFOPLIST_KEY_UISupportedInterfaceOrientations = UIInterfaceOrientationPortrait;
				IPHONEOS_DEPLOYMENT_TARGET = 13.0;
				LD_RUNPATH_SEARCH_PATHS = (
					"$(inherited)",
					"@executable_path/Frameworks",
				);
				MARKETING_VERSION = 1.0;
				PRODUCT_BUNDLE_IDENTIFIER = exudenis.ImageFeed;
				PRODUCT_NAME = "$(TARGET_NAME)";
				SWIFT_EMIT_LOC_STRINGS = YES;
				SWIFT_VERSION = 5.0;
				TARGETED_DEVICE_FAMILY = 1;
			};
			name = Debug;
		};
		92027F292C80B18400200EFB /* Release */ = {
			isa = XCBuildConfiguration;
			buildSettings = {
				ASSETCATALOG_COMPILER_APPICON_NAME = AppIcon;
				ASSETCATALOG_COMPILER_GLOBAL_ACCENT_COLOR_NAME = AccentColor;
				CODE_SIGN_STYLE = Automatic;
				CURRENT_PROJECT_VERSION = 1;
				DEVELOPMENT_TEAM = PB5ALV7369;
				GENERATE_INFOPLIST_FILE = YES;
				INFOPLIST_FILE = ImageFeed/Info.plist;
				INFOPLIST_KEY_UIApplicationSupportsIndirectInputEvents = YES;
				INFOPLIST_KEY_UILaunchStoryboardName = LaunchScreen;
				INFOPLIST_KEY_UIMainStoryboardFile = Main;
				INFOPLIST_KEY_UISupportedInterfaceOrientations = UIInterfaceOrientationPortrait;
				IPHONEOS_DEPLOYMENT_TARGET = 13.0;
				LD_RUNPATH_SEARCH_PATHS = (
					"$(inherited)",
					"@executable_path/Frameworks",
				);
				MARKETING_VERSION = 1.0;
				PRODUCT_BUNDLE_IDENTIFIER = exudenis.ImageFeed;
				PRODUCT_NAME = "$(TARGET_NAME)";
				SWIFT_EMIT_LOC_STRINGS = YES;
				SWIFT_VERSION = 5.0;
				TARGETED_DEVICE_FAMILY = 1;
			};
			name = Release;
		};
/* End XCBuildConfiguration section */

/* Begin XCConfigurationList section */
		92027F0E2C80B18300200EFB /* Build configuration list for PBXProject "ImageFeed" */ = {
			isa = XCConfigurationList;
			buildConfigurations = (
				92027F252C80B18400200EFB /* Debug */,
				92027F262C80B18400200EFB /* Release */,
			);
			defaultConfigurationIsVisible = 0;
			defaultConfigurationName = Release;
		};
		92027F272C80B18400200EFB /* Build configuration list for PBXNativeTarget "ImageFeed" */ = {
			isa = XCConfigurationList;
			buildConfigurations = (
				92027F282C80B18400200EFB /* Debug */,
				92027F292C80B18400200EFB /* Release */,
			);
			defaultConfigurationIsVisible = 0;
			defaultConfigurationName = Release;
		};
/* End XCConfigurationList section */
	};
	rootObject = 92027F0B2C80B18300200EFB /* Project object */;
}
